
Microsoft Visual Studio Solution File, Format Version 12.00
# Visual Studio 15
VisualStudioVersion = 15.0.28306.52
MinimumVisualStudioVersion = 10.0.40219.1
Project("{FAE04EC0-301F-11D3-BF4B-00C04F79EFBC}") = "Jakoben.FileReader.Client", "Jakoben.FileReader.Client\Jakoben.FileReader.Client.csproj", "{E7044A93-4F05-45EA-8B83-D0DB1B02B5AE}"
EndProject
Project("{FAE04EC0-301F-11D3-BF4B-00C04F79EFBC}") = "Jakoben.FileReader", "Jakoben.FileReader\Jakoben.FileReader.csproj", "{F9DFEED5-A32B-4C24-8A50-8A52BF528C2C}"
EndProject
Global
	GlobalSection(SolutionConfigurationPlatforms) = preSolution
		Debug|Any CPU = Debug|Any CPU
		Release|Any CPU = Release|Any CPU
	EndGlobalSection
	GlobalSection(ProjectConfigurationPlatforms) = postSolution
		{E7044A93-4F05-45EA-8B83-D0DB1B02B5AE}.Debug|Any CPU.ActiveCfg = Debug|Any CPU
		{E7044A93-4F05-45EA-8B83-D0DB1B02B5AE}.Debug|Any CPU.Build.0 = Debug|Any CPU
		{E7044A93-4F05-45EA-8B83-D0DB1B02B5AE}.Release|Any CPU.ActiveCfg = Release|Any CPU
		{E7044A93-4F05-45EA-8B83-D0DB1B02B5AE}.Release|Any CPU.Build.0 = Release|Any CPU
		{F9DFEED5-A32B-4C24-8A50-8A52BF528C2C}.Debug|Any CPU.ActiveCfg = Debug|Any CPU
		{F9DFEED5-A32B-4C24-8A50-8A52BF528C2C}.Debug|Any CPU.Build.0 = Debug|Any CPU
		{F9DFEED5-A32B-4C24-8A50-8A52BF528C2C}.Release|Any CPU.ActiveCfg = Release|Any CPU
		{F9DFEED5-A32B-4C24-8A50-8A52BF528C2C}.Release|Any CPU.Build.0 = Release|Any CPU
	EndGlobalSection
	GlobalSection(SolutionProperties) = preSolution
		HideSolutionNode = FALSE
	EndGlobalSection
	GlobalSection(ExtensibilityGlobals) = postSolution
		SolutionGuid = {32F1BF67-5B0C-4C87-BEA1-E86348F1AAAD}
	EndGlobalSection
EndGlobal
